// !$*UTF8*$!
{
	archiveVersion = 1;
	classes = {
	};
	objectVersion = 55;
	objects = {

/* Begin PBXBuildFile section */
		EB131CF1285CC766008B6CF3 /* YouGamesApp.swift in Sources */ = {isa = PBXBuildFile; fileRef = EB131CF0285CC766008B6CF3 /* YouGamesApp.swift */; };
		EB131CF5285CC769008B6CF3 /* Assets.xcassets in Resources */ = {isa = PBXBuildFile; fileRef = EB131CF4285CC769008B6CF3 /* Assets.xcassets */; };
		EB131CF8285CC769008B6CF3 /* Preview Assets.xcassets in Resources */ = {isa = PBXBuildFile; fileRef = EB131CF7285CC769008B6CF3 /* Preview Assets.xcassets */; };
		EB131D00285CC7C2008B6CF3 /* EmptyView.swift in Sources */ = {isa = PBXBuildFile; fileRef = EB131CFF285CC7C2008B6CF3 /* EmptyView.swift */; };
		EB131D02285CC938008B6CF3 /* ErrorView.swift in Sources */ = {isa = PBXBuildFile; fileRef = EB131D01285CC938008B6CF3 /* ErrorView.swift */; };
		EB131D04285CCB37008B6CF3 /* LoadingView.swift in Sources */ = {isa = PBXBuildFile; fileRef = EB131D03285CCB37008B6CF3 /* LoadingView.swift */; };
		EB131D46285E06A8008B6CF3 /* AppColors.swift in Sources */ = {isa = PBXBuildFile; fileRef = EB131D45285E06A8008B6CF3 /* AppColors.swift */; };
		EB131D48285E0A39008B6CF3 /* AppIcons.swift in Sources */ = {isa = PBXBuildFile; fileRef = EB131D47285E0A39008B6CF3 /* AppIcons.swift */; };
		EB131D4A285E0BE2008B6CF3 /* AppSpacing.swift in Sources */ = {isa = PBXBuildFile; fileRef = EB131D49285E0BE2008B6CF3 /* AppSpacing.swift */; };
		EB131D50285E0C6D008B6CF3 /* HomeView.swift in Sources */ = {isa = PBXBuildFile; fileRef = EB131D4F285E0C6D008B6CF3 /* HomeView.swift */; };
		EB131D52285E0C8C008B6CF3 /* ItemGameView.swift in Sources */ = {isa = PBXBuildFile; fileRef = EB131D51285E0C8C008B6CF3 /* ItemGameView.swift */; };
		EB131D5B285E0DF6008B6CF3 /* DetailView.swift in Sources */ = {isa = PBXBuildFile; fileRef = EB131D5A285E0DF6008B6CF3 /* DetailView.swift */; };
		EB131D5D285E0E06008B6CF3 /* ChildDetailView.swift in Sources */ = {isa = PBXBuildFile; fileRef = EB131D5C285E0E06008B6CF3 /* ChildDetailView.swift */; };
		EB131D64285E0EB0008B6CF3 /* ProfileView.swift in Sources */ = {isa = PBXBuildFile; fileRef = EB131D63285E0EB0008B6CF3 /* ProfileView.swift */; };
		EBE45676285E19250067FB09 /* RoundedCorner.swift in Sources */ = {isa = PBXBuildFile; fileRef = EBE45675285E19250067FB09 /* RoundedCorner.swift */; };
		EBE4567A285E45F30067FB09 /* AppResponse.swift in Sources */ = {isa = PBXBuildFile; fileRef = EBE45679285E45F30067FB09 /* AppResponse.swift */; };
		EBE4567C285E46200067FB09 /* AppNetwork.swift in Sources */ = {isa = PBXBuildFile; fileRef = EBE4567B285E46200067FB09 /* AppNetwork.swift */; };
		EBE4567E285E46B80067FB09 /* AppConfigs.swift in Sources */ = {isa = PBXBuildFile; fileRef = EBE4567D285E46B80067FB09 /* AppConfigs.swift */; };
		EBE45680285E476A0067FB09 /* NetImageView.swift in Sources */ = {isa = PBXBuildFile; fileRef = EBE4567F285E476A0067FB09 /* NetImageView.swift */; };
		EBE45687285E4F670067FB09 /* GameEntity.swift in Sources */ = {isa = PBXBuildFile; fileRef = EBE45686285E4F670067FB09 /* GameEntity.swift */; };
		EBE4568B285E50E90067FB09 /* DetailGameEntity.swift in Sources */ = {isa = PBXBuildFile; fileRef = EBE4568A285E50E90067FB09 /* DetailGameEntity.swift */; };
		EBE4568D285E51AB0067FB09 /* GlobalEntity.swift in Sources */ = {isa = PBXBuildFile; fileRef = EBE4568C285E51AB0067FB09 /* GlobalEntity.swift */; };
		EBE4568F285E52880067FB09 /* StoreEntity.swift in Sources */ = {isa = PBXBuildFile; fileRef = EBE4568E285E52880067FB09 /* StoreEntity.swift */; };
		EBE45692285E61220067FB09 /* StringExt.swift in Sources */ = {isa = PBXBuildFile; fileRef = EBE45691285E61220067FB09 /* StringExt.swift */; };
		EBF2AC0B2865A3DD00649D72 /* YouGamesCoreData.xcdatamodeld in Sources */ = {isa = PBXBuildFile; fileRef = EBF2AC092865A3DD00649D72 /* YouGamesCoreData.xcdatamodeld */; };
		EBF2AC0D2865ABC700649D72 /* CoreDataManager.swift in Sources */ = {isa = PBXBuildFile; fileRef = EBF2AC0C2865ABC700649D72 /* CoreDataManager.swift */; };
		EBF2AC102865AE3800649D72 /* FavoriteData.swift in Sources */ = {isa = PBXBuildFile; fileRef = EBF2AC0F2865AE3800649D72 /* FavoriteData.swift */; };
		EBF2AC162865B5AD00649D72 /* LocalFavoriteDataSource.swift in Sources */ = {isa = PBXBuildFile; fileRef = EBF2AC152865B5AD00649D72 /* LocalFavoriteDataSource.swift */; };
		EBF2AC1F2865DF2300649D72 /* LocalFavoriteRepository.swift in Sources */ = {isa = PBXBuildFile; fileRef = EBF2AC1E2865DF2300649D72 /* LocalFavoriteRepository.swift */; };
		EBF2AC252865E24000649D72 /* FavoriteUseCase.swift in Sources */ = {isa = PBXBuildFile; fileRef = EBF2AC242865E24000649D72 /* FavoriteUseCase.swift */; };
		EBF2AC282865E2B700649D72 /* FavoriteViewModel.swift in Sources */ = {isa = PBXBuildFile; fileRef = EBF2AC272865E2B700649D72 /* FavoriteViewModel.swift */; };
		EBF2AC2A2865E56300649D72 /* FavoriteView.swift in Sources */ = {isa = PBXBuildFile; fileRef = EBF2AC292865E56300649D72 /* FavoriteView.swift */; };
		EBF2AC2D2865F54900649D72 /* DataModule.swift in Sources */ = {isa = PBXBuildFile; fileRef = EBF2AC2C2865F54900649D72 /* DataModule.swift */; };
		EBF2AC302865F6BE00649D72 /* DomainModule.swift in Sources */ = {isa = PBXBuildFile; fileRef = EBF2AC2F2865F6BE00649D72 /* DomainModule.swift */; };
		EBF2AC332865F77D00649D72 /* AppModule.swift in Sources */ = {isa = PBXBuildFile; fileRef = EBF2AC322865F77D00649D72 /* AppModule.swift */; };
		EBF2AC362865FD6D00649D72 /* RemoteDetailDataSource.swift in Sources */ = {isa = PBXBuildFile; fileRef = EBF2AC352865FD6D00649D72 /* RemoteDetailDataSource.swift */; };
		EBF2AC3C2866042700649D72 /* BaseResult.swift in Sources */ = {isa = PBXBuildFile; fileRef = EBF2AC3B2866042700649D72 /* BaseResult.swift */; };
		EBF2AC3E2866068A00649D72 /* RemoteDetailRepository.swift in Sources */ = {isa = PBXBuildFile; fileRef = EBF2AC3D2866068A00649D72 /* RemoteDetailRepository.swift */; };
		EBF2AC42286607E400649D72 /* DetailUseCase.swift in Sources */ = {isa = PBXBuildFile; fileRef = EBF2AC41286607E400649D72 /* DetailUseCase.swift */; };
		EBF2AC4628660BEE00649D72 /* DetailViewModel.swift in Sources */ = {isa = PBXBuildFile; fileRef = EBF2AC4528660BEE00649D72 /* DetailViewModel.swift */; };
		EBF2AC4D28661D7E00649D72 /* Toast in Frameworks */ = {isa = PBXBuildFile; productRef = EBF2AC4C28661D7E00649D72 /* Toast */; };
		EBF2AC4F28661DAA00649D72 /* ToastExt.swift in Sources */ = {isa = PBXBuildFile; fileRef = EBF2AC4E28661DAA00649D72 /* ToastExt.swift */; };
		EBF2AC52286620F900649D72 /* HomeUseCase.swift in Sources */ = {isa = PBXBuildFile; fileRef = EBF2AC51286620F900649D72 /* HomeUseCase.swift */; };
		EBF2AC552866216300649D72 /* RemoteHomeDataSource.swift in Sources */ = {isa = PBXBuildFile; fileRef = EBF2AC542866216300649D72 /* RemoteHomeDataSource.swift */; };
		EBF2AC58286622A600649D72 /* RemoteHomeRepository.swift in Sources */ = {isa = PBXBuildFile; fileRef = EBF2AC57286622A600649D72 /* RemoteHomeRepository.swift */; };
		EBF2AC5B2866252D00649D72 /* HomeViewModel.swift in Sources */ = {isa = PBXBuildFile; fileRef = EBF2AC5A2866252D00649D72 /* HomeViewModel.swift */; };
/* End PBXBuildFile section */

/* Begin PBXFileReference section */
		EB131CED285CC766008B6CF3 /* YouGames.app */ = {isa = PBXFileReference; explicitFileType = wrapper.application; includeInIndex = 0; path = YouGames.app; sourceTree = BUILT_PRODUCTS_DIR; };
		EB131CF0285CC766008B6CF3 /* YouGamesApp.swift */ = {isa = PBXFileReference; lastKnownFileType = sourcecode.swift; path = YouGamesApp.swift; sourceTree = "<group>"; };
		EB131CF4285CC769008B6CF3 /* Assets.xcassets */ = {isa = PBXFileReference; lastKnownFileType = folder.assetcatalog; path = Assets.xcassets; sourceTree = "<group>"; };
		EB131CF7285CC769008B6CF3 /* Preview Assets.xcassets */ = {isa = PBXFileReference; lastKnownFileType = folder.assetcatalog; path = "Preview Assets.xcassets"; sourceTree = "<group>"; };
		EB131CFF285CC7C2008B6CF3 /* EmptyView.swift */ = {isa = PBXFileReference; lastKnownFileType = sourcecode.swift; path = EmptyView.swift; sourceTree = "<group>"; };
		EB131D01285CC938008B6CF3 /* ErrorView.swift */ = {isa = PBXFileReference; lastKnownFileType = sourcecode.swift; path = ErrorView.swift; sourceTree = "<group>"; };
		EB131D03285CCB37008B6CF3 /* LoadingView.swift */ = {isa = PBXFileReference; lastKnownFileType = sourcecode.swift; path = LoadingView.swift; sourceTree = "<group>"; };
		EB131D45285E06A8008B6CF3 /* AppColors.swift */ = {isa = PBXFileReference; lastKnownFileType = sourcecode.swift; path = AppColors.swift; sourceTree = "<group>"; };
		EB131D47285E0A39008B6CF3 /* AppIcons.swift */ = {isa = PBXFileReference; lastKnownFileType = sourcecode.swift; path = AppIcons.swift; sourceTree = "<group>"; };
		EB131D49285E0BE2008B6CF3 /* AppSpacing.swift */ = {isa = PBXFileReference; lastKnownFileType = sourcecode.swift; path = AppSpacing.swift; sourceTree = "<group>"; };
		EB131D4F285E0C6D008B6CF3 /* HomeView.swift */ = {isa = PBXFileReference; lastKnownFileType = sourcecode.swift; path = HomeView.swift; sourceTree = "<group>"; };
		EB131D51285E0C8C008B6CF3 /* ItemGameView.swift */ = {isa = PBXFileReference; lastKnownFileType = sourcecode.swift; path = ItemGameView.swift; sourceTree = "<group>"; };
		EB131D5A285E0DF6008B6CF3 /* DetailView.swift */ = {isa = PBXFileReference; lastKnownFileType = sourcecode.swift; path = DetailView.swift; sourceTree = "<group>"; };
		EB131D5C285E0E06008B6CF3 /* ChildDetailView.swift */ = {isa = PBXFileReference; lastKnownFileType = sourcecode.swift; path = ChildDetailView.swift; sourceTree = "<group>"; };
		EB131D63285E0EB0008B6CF3 /* ProfileView.swift */ = {isa = PBXFileReference; lastKnownFileType = sourcecode.swift; path = ProfileView.swift; sourceTree = "<group>"; };
		EBE45675285E19250067FB09 /* RoundedCorner.swift */ = {isa = PBXFileReference; lastKnownFileType = sourcecode.swift; path = RoundedCorner.swift; sourceTree = "<group>"; };
		EBE45679285E45F30067FB09 /* AppResponse.swift */ = {isa = PBXFileReference; lastKnownFileType = sourcecode.swift; path = AppResponse.swift; sourceTree = "<group>"; };
		EBE4567B285E46200067FB09 /* AppNetwork.swift */ = {isa = PBXFileReference; lastKnownFileType = sourcecode.swift; path = AppNetwork.swift; sourceTree = "<group>"; };
		EBE4567D285E46B80067FB09 /* AppConfigs.swift */ = {isa = PBXFileReference; lastKnownFileType = sourcecode.swift; path = AppConfigs.swift; sourceTree = "<group>"; };
		EBE4567F285E476A0067FB09 /* NetImageView.swift */ = {isa = PBXFileReference; lastKnownFileType = sourcecode.swift; path = NetImageView.swift; sourceTree = "<group>"; };
		EBE45686285E4F670067FB09 /* GameEntity.swift */ = {isa = PBXFileReference; lastKnownFileType = sourcecode.swift; path = GameEntity.swift; sourceTree = "<group>"; };
		EBE4568A285E50E90067FB09 /* DetailGameEntity.swift */ = {isa = PBXFileReference; lastKnownFileType = sourcecode.swift; path = DetailGameEntity.swift; sourceTree = "<group>"; };
		EBE4568C285E51AB0067FB09 /* GlobalEntity.swift */ = {isa = PBXFileReference; lastKnownFileType = sourcecode.swift; path = GlobalEntity.swift; sourceTree = "<group>"; };
		EBE4568E285E52880067FB09 /* StoreEntity.swift */ = {isa = PBXFileReference; lastKnownFileType = sourcecode.swift; path = StoreEntity.swift; sourceTree = "<group>"; };
		EBE45691285E61220067FB09 /* StringExt.swift */ = {isa = PBXFileReference; lastKnownFileType = sourcecode.swift; path = StringExt.swift; sourceTree = "<group>"; };
		EBF2AC0A2865A3DD00649D72 /* yougames.xcdatamodel */ = {isa = PBXFileReference; lastKnownFileType = wrapper.xcdatamodel; path = yougames.xcdatamodel; sourceTree = "<group>"; };
		EBF2AC0C2865ABC700649D72 /* CoreDataManager.swift */ = {isa = PBXFileReference; lastKnownFileType = sourcecode.swift; path = CoreDataManager.swift; sourceTree = "<group>"; };
		EBF2AC0F2865AE3800649D72 /* FavoriteData.swift */ = {isa = PBXFileReference; lastKnownFileType = sourcecode.swift; path = FavoriteData.swift; sourceTree = "<group>"; };
		EBF2AC152865B5AD00649D72 /* LocalFavoriteDataSource.swift */ = {isa = PBXFileReference; lastKnownFileType = sourcecode.swift; path = LocalFavoriteDataSource.swift; sourceTree = "<group>"; };
		EBF2AC1E2865DF2300649D72 /* LocalFavoriteRepository.swift */ = {isa = PBXFileReference; lastKnownFileType = sourcecode.swift; path = LocalFavoriteRepository.swift; sourceTree = "<group>"; };
		EBF2AC242865E24000649D72 /* FavoriteUseCase.swift */ = {isa = PBXFileReference; lastKnownFileType = sourcecode.swift; path = FavoriteUseCase.swift; sourceTree = "<group>"; };
		EBF2AC272865E2B700649D72 /* FavoriteViewModel.swift */ = {isa = PBXFileReference; lastKnownFileType = sourcecode.swift; path = FavoriteViewModel.swift; sourceTree = "<group>"; };
		EBF2AC292865E56300649D72 /* FavoriteView.swift */ = {isa = PBXFileReference; lastKnownFileType = sourcecode.swift; path = FavoriteView.swift; sourceTree = "<group>"; };
		EBF2AC2C2865F54900649D72 /* DataModule.swift */ = {isa = PBXFileReference; lastKnownFileType = sourcecode.swift; path = DataModule.swift; sourceTree = "<group>"; };
		EBF2AC2F2865F6BE00649D72 /* DomainModule.swift */ = {isa = PBXFileReference; lastKnownFileType = sourcecode.swift; path = DomainModule.swift; sourceTree = "<group>"; };
		EBF2AC322865F77D00649D72 /* AppModule.swift */ = {isa = PBXFileReference; lastKnownFileType = sourcecode.swift; path = AppModule.swift; sourceTree = "<group>"; };
		EBF2AC352865FD6D00649D72 /* RemoteDetailDataSource.swift */ = {isa = PBXFileReference; lastKnownFileType = sourcecode.swift; path = RemoteDetailDataSource.swift; sourceTree = "<group>"; };
		EBF2AC3B2866042700649D72 /* BaseResult.swift */ = {isa = PBXFileReference; lastKnownFileType = sourcecode.swift; path = BaseResult.swift; sourceTree = "<group>"; };
		EBF2AC3D2866068A00649D72 /* RemoteDetailRepository.swift */ = {isa = PBXFileReference; lastKnownFileType = sourcecode.swift; path = RemoteDetailRepository.swift; sourceTree = "<group>"; };
		EBF2AC41286607E400649D72 /* DetailUseCase.swift */ = {isa = PBXFileReference; lastKnownFileType = sourcecode.swift; path = DetailUseCase.swift; sourceTree = "<group>"; };
		EBF2AC4528660BEE00649D72 /* DetailViewModel.swift */ = {isa = PBXFileReference; lastKnownFileType = sourcecode.swift; path = DetailViewModel.swift; sourceTree = "<group>"; };
		EBF2AC4E28661DAA00649D72 /* ToastExt.swift */ = {isa = PBXFileReference; lastKnownFileType = sourcecode.swift; path = ToastExt.swift; sourceTree = "<group>"; };
		EBF2AC51286620F900649D72 /* HomeUseCase.swift */ = {isa = PBXFileReference; lastKnownFileType = sourcecode.swift; path = HomeUseCase.swift; sourceTree = "<group>"; };
		EBF2AC542866216300649D72 /* RemoteHomeDataSource.swift */ = {isa = PBXFileReference; lastKnownFileType = sourcecode.swift; path = RemoteHomeDataSource.swift; sourceTree = "<group>"; };
		EBF2AC57286622A600649D72 /* RemoteHomeRepository.swift */ = {isa = PBXFileReference; lastKnownFileType = sourcecode.swift; path = RemoteHomeRepository.swift; sourceTree = "<group>"; };
		EBF2AC5A2866252D00649D72 /* HomeViewModel.swift */ = {isa = PBXFileReference; lastKnownFileType = sourcecode.swift; path = HomeViewModel.swift; sourceTree = "<group>"; };
/* End PBXFileReference section */

/* Begin PBXFrameworksBuildPhase section */
		EB131CEA285CC766008B6CF3 /* Frameworks */ = {
			isa = PBXFrameworksBuildPhase;
			buildActionMask = 2147483647;
			files = (
				EBF2AC4D28661D7E00649D72 /* Toast in Frameworks */,
			);
			runOnlyForDeploymentPostprocessing = 0;
		};
/* End PBXFrameworksBuildPhase section */

/* Begin PBXGroup section */
		EB131CE4285CC766008B6CF3 = {
			isa = PBXGroup;
			children = (
				EB131CEF285CC766008B6CF3 /* YouGames */,
				EB131CEE285CC766008B6CF3 /* Products */,
			);
			sourceTree = "<group>";
		};
		EB131CEE285CC766008B6CF3 /* Products */ = {
			isa = PBXGroup;
			children = (
				EB131CED285CC766008B6CF3 /* YouGames.app */,
			);
			name = Products;
			sourceTree = "<group>";
		};
		EB131CEF285CC766008B6CF3 /* YouGames */ = {
			isa = PBXGroup;
			children = (
				EBE45690285E610D0067FB09 /* Utils */,
				EB131D44285E0690008B6CF3 /* Themes */,
				EB131CFE285CC79D008B6CF3 /* Widgets */,
				EBE45678285E45DD0067FB09 /* Network */,
				EB131D62285E0E42008B6CF3 /* Data */,
				EBF2AC072865A18100649D72 /* Domain */,
				EBF2AC082865A18C00649D72 /* Presentation */,
				EB131CF0285CC766008B6CF3 /* YouGamesApp.swift */,
				EBF2AC092865A3DD00649D72 /* YouGamesCoreData.xcdatamodeld */,
				EB131CF4285CC769008B6CF3 /* Assets.xcassets */,
				EB131CF6285CC769008B6CF3 /* Preview Content */,
			);
			path = YouGames;
			sourceTree = "<group>";
		};
		EB131CF6285CC769008B6CF3 /* Preview Content */ = {
			isa = PBXGroup;
			children = (
				EB131CF7285CC769008B6CF3 /* Preview Assets.xcassets */,
			);
			path = "Preview Content";
			sourceTree = "<group>";
		};
		EB131CFE285CC79D008B6CF3 /* Widgets */ = {
			isa = PBXGroup;
			children = (
				EB131D51285E0C8C008B6CF3 /* ItemGameView.swift */,
				EB131CFF285CC7C2008B6CF3 /* EmptyView.swift */,
				EB131D01285CC938008B6CF3 /* ErrorView.swift */,
				EB131D03285CCB37008B6CF3 /* LoadingView.swift */,
				EBE4567F285E476A0067FB09 /* NetImageView.swift */,
			);
			path = Widgets;
			sourceTree = "<group>";
		};
		EB131D44285E0690008B6CF3 /* Themes */ = {
			isa = PBXGroup;
			children = (
				EB131D45285E06A8008B6CF3 /* AppColors.swift */,
				EB131D47285E0A39008B6CF3 /* AppIcons.swift */,
				EB131D49285E0BE2008B6CF3 /* AppSpacing.swift */,
				EBE45675285E19250067FB09 /* RoundedCorner.swift */,
			);
			path = Themes;
			sourceTree = "<group>";
		};
		EB131D4E285E0C2B008B6CF3 /* Profile */ = {
			isa = PBXGroup;
			children = (
				EB131D63285E0EB0008B6CF3 /* ProfileView.swift */,
			);
			path = Profile;
			sourceTree = "<group>";
		};
		EB131D62285E0E42008B6CF3 /* Data */ = {
			isa = PBXGroup;
			children = (
				EBF2AC2B2865F53100649D72 /* DI */,
				EBF2AC012865A12E00649D72 /* Model */,
				EBF2AC002865A11300649D72 /* DataSource */,
				EBF2AC022865A13500649D72 /* Repository */,
			);
			path = Data;
			sourceTree = "<group>";
		};
		EBE45678285E45DD0067FB09 /* Network */ = {
			isa = PBXGroup;
			children = (
				EBE45679285E45F30067FB09 /* AppResponse.swift */,
				EBE4567B285E46200067FB09 /* AppNetwork.swift */,
				EBE4567D285E46B80067FB09 /* AppConfigs.swift */,
			);
			path = Network;
			sourceTree = "<group>";
		};
		EBE45690285E610D0067FB09 /* Utils */ = {
			isa = PBXGroup;
			children = (
				EBE45691285E61220067FB09 /* StringExt.swift */,
				EBF2AC4E28661DAA00649D72 /* ToastExt.swift */,
			);
			path = Utils;
			sourceTree = "<group>";
		};
		EBF2AC002865A11300649D72 /* DataSource */ = {
			isa = PBXGroup;
			children = (
				EBF2AC062865A16400649D72 /* Remote */,
				EBF2AC052865A15C00649D72 /* Local */,
			);
			path = DataSource;
			sourceTree = "<group>";
		};
		EBF2AC012865A12E00649D72 /* Model */ = {
			isa = PBXGroup;
			children = (
				EBF2AC3A2866041800649D72 /* Base */,
				EBF2AC042865A15500649D72 /* Remote */,
				EBF2AC032865A14D00649D72 /* Local */,
			);
			path = Model;
			sourceTree = "<group>";
		};
		EBF2AC022865A13500649D72 /* Repository */ = {
			isa = PBXGroup;
			children = (
				EBF2AC1D2865DF0400649D72 /* Remote */,
				EBF2AC1C2865DEFC00649D72 /* Local */,
			);
			path = Repository;
			sourceTree = "<group>";
		};
		EBF2AC032865A14D00649D72 /* Local */ = {
			isa = PBXGroup;
			children = (
				EBF2AC0E2865ADF900649D72 /* Entity */,
				EBF2AC0C2865ABC700649D72 /* CoreDataManager.swift */,
			);
			path = Local;
			sourceTree = "<group>";
		};
		EBF2AC042865A15500649D72 /* Remote */ = {
			isa = PBXGroup;
			children = (
				EBE4568A285E50E90067FB09 /* DetailGameEntity.swift */,
				EBE45686285E4F670067FB09 /* GameEntity.swift */,
				EBE4568C285E51AB0067FB09 /* GlobalEntity.swift */,
				EBE4568E285E52880067FB09 /* StoreEntity.swift */,
			);
			path = Remote;
			sourceTree = "<group>";
		};
		EBF2AC052865A15C00649D72 /* Local */ = {
			isa = PBXGroup;
			children = (
				EBF2AC122865B4F300649D72 /* Favorite */,
			);
			path = Local;
			sourceTree = "<group>";
		};
		EBF2AC062865A16400649D72 /* Remote */ = {
			isa = PBXGroup;
			children = (
				EBF2AC532866214C00649D72 /* Home */,
				EBF2AC342865FD5300649D72 /* Detail */,
			);
			path = Remote;
			sourceTree = "<group>";
		};
		EBF2AC072865A18100649D72 /* Domain */ = {
			isa = PBXGroup;
			children = (
				EBF2AC2E2865F6A700649D72 /* DI */,
				EBF2AC3F286607AC00649D72 /* Module */,
			);
			path = Domain;
			sourceTree = "<group>";
		};
		EBF2AC082865A18C00649D72 /* Presentation */ = {
			isa = PBXGroup;
			children = (
				EBF2AC312865F74E00649D72 /* DI */,
				EBF2AC4328660BCB00649D72 /* Module */,
			);
			path = Presentation;
			sourceTree = "<group>";
		};
		EBF2AC0E2865ADF900649D72 /* Entity */ = {
			isa = PBXGroup;
			children = (
				EBF2AC0F2865AE3800649D72 /* FavoriteData.swift */,
			);
			path = Entity;
			sourceTree = "<group>";
		};
		EBF2AC122865B4F300649D72 /* Favorite */ = {
			isa = PBXGroup;
			children = (
				EBF2AC152865B5AD00649D72 /* LocalFavoriteDataSource.swift */,
			);
			path = Favorite;
			sourceTree = "<group>";
		};
		EBF2AC1C2865DEFC00649D72 /* Local */ = {
			isa = PBXGroup;
			children = (
				EBF2AC1E2865DF2300649D72 /* LocalFavoriteRepository.swift */,
			);
			path = Local;
			sourceTree = "<group>";
		};
		EBF2AC1D2865DF0400649D72 /* Remote */ = {
			isa = PBXGroup;
			children = (
				EBF2AC5C2866284200649D72 /* Detail */,
				EBF2AC562866228E00649D72 /* Home */,
			);
			path = Remote;
			sourceTree = "<group>";
		};
		EBF2AC202865E0C500649D72 /* Favorite */ = {
			isa = PBXGroup;
			children = (
				EBF2AC242865E24000649D72 /* FavoriteUseCase.swift */,
			);
			path = Favorite;
			sourceTree = "<group>";
		};
		EBF2AC262865E2A400649D72 /* Favorite */ = {
			isa = PBXGroup;
			children = (
				EBF2AC272865E2B700649D72 /* FavoriteViewModel.swift */,
				EBF2AC292865E56300649D72 /* FavoriteView.swift */,
			);
			path = Favorite;
			sourceTree = "<group>";
		};
		EBF2AC2B2865F53100649D72 /* DI */ = {
			isa = PBXGroup;
			children = (
				EBF2AC2C2865F54900649D72 /* DataModule.swift */,
			);
			path = DI;
			sourceTree = "<group>";
		};
		EBF2AC2E2865F6A700649D72 /* DI */ = {
			isa = PBXGroup;
			children = (
				EBF2AC2F2865F6BE00649D72 /* DomainModule.swift */,
			);
			path = DI;
			sourceTree = "<group>";
		};
		EBF2AC312865F74E00649D72 /* DI */ = {
			isa = PBXGroup;
			children = (
				EBF2AC322865F77D00649D72 /* AppModule.swift */,
			);
			path = DI;
			sourceTree = "<group>";
		};
		EBF2AC342865FD5300649D72 /* Detail */ = {
			isa = PBXGroup;
			children = (
				EBF2AC352865FD6D00649D72 /* RemoteDetailDataSource.swift */,
			);
			path = Detail;
			sourceTree = "<group>";
		};
		EBF2AC3A2866041800649D72 /* Base */ = {
			isa = PBXGroup;
			children = (
				EBF2AC3B2866042700649D72 /* BaseResult.swift */,
			);
			path = Base;
			sourceTree = "<group>";
		};
		EBF2AC3F286607AC00649D72 /* Module */ = {
			isa = PBXGroup;
			children = (
				EBF2AC50286620E500649D72 /* Home */,
				EBF2AC40286607CF00649D72 /* Detail */,
				EBF2AC202865E0C500649D72 /* Favorite */,
			);
			path = Module;
			sourceTree = "<group>";
		};
		EBF2AC40286607CF00649D72 /* Detail */ = {
			isa = PBXGroup;
			children = (
				EBF2AC41286607E400649D72 /* DetailUseCase.swift */,
			);
			path = Detail;
			sourceTree = "<group>";
		};
		EBF2AC4328660BCB00649D72 /* Module */ = {
			isa = PBXGroup;
			children = (
				EBF2AC592866247E00649D72 /* Home */,
				EB131D4E285E0C2B008B6CF3 /* Profile */,
				EBF2AC4428660BD900649D72 /* Detail */,
				EBF2AC262865E2A400649D72 /* Favorite */,
			);
			path = Module;
			sourceTree = "<group>";
		};
		EBF2AC4428660BD900649D72 /* Detail */ = {
			isa = PBXGroup;
			children = (
				EB131D5C285E0E06008B6CF3 /* ChildDetailView.swift */,
				EB131D5A285E0DF6008B6CF3 /* DetailView.swift */,
				EBF2AC4528660BEE00649D72 /* DetailViewModel.swift */,
			);
			path = Detail;
			sourceTree = "<group>";
		};
		EBF2AC50286620E500649D72 /* Home */ = {
			isa = PBXGroup;
			children = (
				EBF2AC51286620F900649D72 /* HomeUseCase.swift */,
			);
			path = Home;
			sourceTree = "<group>";
		};
		EBF2AC532866214C00649D72 /* Home */ = {
			isa = PBXGroup;
			children = (
				EBF2AC542866216300649D72 /* RemoteHomeDataSource.swift */,
			);
			path = Home;
			sourceTree = "<group>";
		};
		EBF2AC562866228E00649D72 /* Home */ = {
			isa = PBXGroup;
			children = (
				EBF2AC57286622A600649D72 /* RemoteHomeRepository.swift */,
			);
			path = Home;
			sourceTree = "<group>";
		};
		EBF2AC592866247E00649D72 /* Home */ = {
			isa = PBXGroup;
			children = (
				EB131D4F285E0C6D008B6CF3 /* HomeView.swift */,
				EBF2AC5A2866252D00649D72 /* HomeViewModel.swift */,
			);
			path = Home;
			sourceTree = "<group>";
		};
		EBF2AC5C2866284200649D72 /* Detail */ = {
			isa = PBXGroup;
			children = (
				EBF2AC3D2866068A00649D72 /* RemoteDetailRepository.swift */,
			);
			path = Detail;
			sourceTree = "<group>";
		};
/* End PBXGroup section */

/* Begin PBXNativeTarget section */
		EB131CEC285CC766008B6CF3 /* YouGames */ = {
			isa = PBXNativeTarget;
			buildConfigurationList = EB131CFB285CC769008B6CF3 /* Build configuration list for PBXNativeTarget "YouGames" */;
			buildPhases = (
				EB131CE9285CC766008B6CF3 /* Sources */,
				EB131CEA285CC766008B6CF3 /* Frameworks */,
				EB131CEB285CC766008B6CF3 /* Resources */,
				EB131D05285CCE19008B6CF3 /* SwiftLint */,
			);
			buildRules = (
			);
			dependencies = (
			);
			name = YouGames;
			packageProductDependencies = (
				EBF2AC4C28661D7E00649D72 /* Toast */,
			);
			productName = YouGames;
			productReference = EB131CED285CC766008B6CF3 /* YouGames.app */;
			productType = "com.apple.product-type.application";
		};
/* End PBXNativeTarget section */

/* Begin PBXProject section */
		EB131CE5285CC766008B6CF3 /* Project object */ = {
			isa = PBXProject;
			attributes = {
				BuildIndependentTargetsInParallel = 1;
				LastSwiftUpdateCheck = 1320;
				LastUpgradeCheck = 1320;
				TargetAttributes = {
					EB131CEC285CC766008B6CF3 = {
						CreatedOnToolsVersion = 13.2.1;
					};
				};
			};
			buildConfigurationList = EB131CE8285CC766008B6CF3 /* Build configuration list for PBXProject "YouGames" */;
			compatibilityVersion = "Xcode 13.0";
			developmentRegion = en;
			hasScannedForEncodings = 0;
			knownRegions = (
				en,
				Base,
			);
			mainGroup = EB131CE4285CC766008B6CF3;
			packageReferences = (
				EBF2AC4B28661D7E00649D72 /* XCRemoteSwiftPackageReference "toast-swift" */,
			);
			productRefGroup = EB131CEE285CC766008B6CF3 /* Products */;
			projectDirPath = "";
			projectRoot = "";
			targets = (
				EB131CEC285CC766008B6CF3 /* YouGames */,
			);
		};
/* End PBXProject section */

/* Begin PBXResourcesBuildPhase section */
		EB131CEB285CC766008B6CF3 /* Resources */ = {
			isa = PBXResourcesBuildPhase;
			buildActionMask = 2147483647;
			files = (
				EB131CF8285CC769008B6CF3 /* Preview Assets.xcassets in Resources */,
				EB131CF5285CC769008B6CF3 /* Assets.xcassets in Resources */,
			);
			runOnlyForDeploymentPostprocessing = 0;
		};
/* End PBXResourcesBuildPhase section */

/* Begin PBXShellScriptBuildPhase section */
		EB131D05285CCE19008B6CF3 /* SwiftLint */ = {
			isa = PBXShellScriptBuildPhase;
			buildActionMask = 2147483647;
			files = (
			);
			inputFileListPaths = (
			);
			inputPaths = (
			);
			name = SwiftLint;
			outputFileListPaths = (
			);
			outputPaths = (
			);
			runOnlyForDeploymentPostprocessing = 0;
			shellPath = /bin/sh;
			shellScript = "export PATH=\"$PATH:/opt/homebrew/bin\"\nif which swiftlint > /dev/null; then\n  swiftlint\nelse\n  echo \"warning: SwiftLint not installed, download from https://github.com/realm/SwiftLint\"\nfi\n";
		};
/* End PBXShellScriptBuildPhase section */

/* Begin PBXSourcesBuildPhase section */
		EB131CE9285CC766008B6CF3 /* Sources */ = {
			isa = PBXSourcesBuildPhase;
			buildActionMask = 2147483647;
			files = (
				EB131D5D285E0E06008B6CF3 /* ChildDetailView.swift in Sources */,
				EBF2AC552866216300649D72 /* RemoteHomeDataSource.swift in Sources */,
				EBF2AC332865F77D00649D72 /* AppModule.swift in Sources */,
				EBF2AC4628660BEE00649D72 /* DetailViewModel.swift in Sources */,
				EBF2AC3E2866068A00649D72 /* RemoteDetailRepository.swift in Sources */,
				EB131D50285E0C6D008B6CF3 /* HomeView.swift in Sources */,
				EBE4567C285E46200067FB09 /* AppNetwork.swift in Sources */,
				EBE45687285E4F670067FB09 /* GameEntity.swift in Sources */,
				EB131D52285E0C8C008B6CF3 /* ItemGameView.swift in Sources */,
				EBF2AC302865F6BE00649D72 /* DomainModule.swift in Sources */,
				EB131D5B285E0DF6008B6CF3 /* DetailView.swift in Sources */,
				EB131D4A285E0BE2008B6CF3 /* AppSpacing.swift in Sources */,
				EB131D00285CC7C2008B6CF3 /* EmptyView.swift in Sources */,
				EBE4568B285E50E90067FB09 /* DetailGameEntity.swift in Sources */,
				EBF2AC252865E24000649D72 /* FavoriteUseCase.swift in Sources */,
				EB131CF1285CC766008B6CF3 /* YouGamesApp.swift in Sources */,
				EBF2AC42286607E400649D72 /* DetailUseCase.swift in Sources */,
				EBF2AC2D2865F54900649D72 /* DataModule.swift in Sources */,
				EBE4568F285E52880067FB09 /* StoreEntity.swift in Sources */,
				EBE4568D285E51AB0067FB09 /* GlobalEntity.swift in Sources */,
				EBF2AC3C2866042700649D72 /* BaseResult.swift in Sources */,
				EBF2AC4F28661DAA00649D72 /* ToastExt.swift in Sources */,
				EB131D48285E0A39008B6CF3 /* AppIcons.swift in Sources */,
				EBE4567A285E45F30067FB09 /* AppResponse.swift in Sources */,
				EBF2AC52286620F900649D72 /* HomeUseCase.swift in Sources */,
				EBE4567E285E46B80067FB09 /* AppConfigs.swift in Sources */,
				EBF2AC282865E2B700649D72 /* FavoriteViewModel.swift in Sources */,
				EBF2AC102865AE3800649D72 /* FavoriteData.swift in Sources */,
				EBF2AC5B2866252D00649D72 /* HomeViewModel.swift in Sources */,
				EB131D64285E0EB0008B6CF3 /* ProfileView.swift in Sources */,
				EB131D46285E06A8008B6CF3 /* AppColors.swift in Sources */,
				EBF2AC58286622A600649D72 /* RemoteHomeRepository.swift in Sources */,
				EBF2AC162865B5AD00649D72 /* LocalFavoriteDataSource.swift in Sources */,
				EB131D04285CCB37008B6CF3 /* LoadingView.swift in Sources */,
				EB131D02285CC938008B6CF3 /* ErrorView.swift in Sources */,
				EBE45692285E61220067FB09 /* StringExt.swift in Sources */,
				EBE45680285E476A0067FB09 /* NetImageView.swift in Sources */,
				EBF2AC362865FD6D00649D72 /* RemoteDetailDataSource.swift in Sources */,
				EBF2AC0D2865ABC700649D72 /* CoreDataManager.swift in Sources */,
				EBF2AC1F2865DF2300649D72 /* LocalFavoriteRepository.swift in Sources */,
				EBE45676285E19250067FB09 /* RoundedCorner.swift in Sources */,
				EBF2AC2A2865E56300649D72 /* FavoriteView.swift in Sources */,
				EBF2AC0B2865A3DD00649D72 /* YouGamesCoreData.xcdatamodeld in Sources */,
			);
			runOnlyForDeploymentPostprocessing = 0;
		};
/* End PBXSourcesBuildPhase section */

/* Begin XCBuildConfiguration section */
		EB131CF9285CC769008B6CF3 /* Debug */ = {
			isa = XCBuildConfiguration;
			buildSettings = {
				ALWAYS_SEARCH_USER_PATHS = NO;
				CLANG_ANALYZER_NONNULL = YES;
				CLANG_ANALYZER_NUMBER_OBJECT_CONVERSION = YES_AGGRESSIVE;
				CLANG_CXX_LANGUAGE_STANDARD = "gnu++17";
				CLANG_CXX_LIBRARY = "libc++";
				CLANG_ENABLE_MODULES = YES;
				CLANG_ENABLE_OBJC_ARC = YES;
				CLANG_ENABLE_OBJC_WEAK = YES;
				CLANG_WARN_BLOCK_CAPTURE_AUTORELEASING = YES;
				CLANG_WARN_BOOL_CONVERSION = YES;
				CLANG_WARN_COMMA = YES;
				CLANG_WARN_CONSTANT_CONVERSION = YES;
				CLANG_WARN_DEPRECATED_OBJC_IMPLEMENTATIONS = YES;
				CLANG_WARN_DIRECT_OBJC_ISA_USAGE = YES_ERROR;
				CLANG_WARN_DOCUMENTATION_COMMENTS = YES;
				CLANG_WARN_EMPTY_BODY = YES;
				CLANG_WARN_ENUM_CONVERSION = YES;
				CLANG_WARN_INFINITE_RECURSION = YES;
				CLANG_WARN_INT_CONVERSION = YES;
				CLANG_WARN_NON_LITERAL_NULL_CONVERSION = YES;
				CLANG_WARN_OBJC_IMPLICIT_RETAIN_SELF = YES;
				CLANG_WARN_OBJC_LITERAL_CONVERSION = YES;
				CLANG_WARN_OBJC_ROOT_CLASS = YES_ERROR;
				CLANG_WARN_QUOTED_INCLUDE_IN_FRAMEWORK_HEADER = YES;
				CLANG_WARN_RANGE_LOOP_ANALYSIS = YES;
				CLANG_WARN_STRICT_PROTOTYPES = YES;
				CLANG_WARN_SUSPICIOUS_MOVE = YES;
				CLANG_WARN_UNGUARDED_AVAILABILITY = YES_AGGRESSIVE;
				CLANG_WARN_UNREACHABLE_CODE = YES;
				CLANG_WARN__DUPLICATE_METHOD_MATCH = YES;
				COPY_PHASE_STRIP = NO;
				DEBUG_INFORMATION_FORMAT = dwarf;
				ENABLE_STRICT_OBJC_MSGSEND = YES;
				ENABLE_TESTABILITY = YES;
				GCC_C_LANGUAGE_STANDARD = gnu11;
				GCC_DYNAMIC_NO_PIC = NO;
				GCC_NO_COMMON_BLOCKS = YES;
				GCC_OPTIMIZATION_LEVEL = 0;
				GCC_PREPROCESSOR_DEFINITIONS = (
					"DEBUG=1",
					"$(inherited)",
				);
				GCC_WARN_64_TO_32_BIT_CONVERSION = YES;
				GCC_WARN_ABOUT_RETURN_TYPE = YES_ERROR;
				GCC_WARN_UNDECLARED_SELECTOR = YES;
				GCC_WARN_UNINITIALIZED_AUTOS = YES_AGGRESSIVE;
				GCC_WARN_UNUSED_FUNCTION = YES;
				GCC_WARN_UNUSED_VARIABLE = YES;
				IPHONEOS_DEPLOYMENT_TARGET = 15.2;
				MTL_ENABLE_DEBUG_INFO = INCLUDE_SOURCE;
				MTL_FAST_MATH = YES;
				ONLY_ACTIVE_ARCH = YES;
				SDKROOT = iphoneos;
				SWIFT_ACTIVE_COMPILATION_CONDITIONS = DEBUG;
				SWIFT_OPTIMIZATION_LEVEL = "-Onone";
			};
			name = Debug;
		};
		EB131CFA285CC769008B6CF3 /* Release */ = {
			isa = XCBuildConfiguration;
			buildSettings = {
				ALWAYS_SEARCH_USER_PATHS = NO;
				CLANG_ANALYZER_NONNULL = YES;
				CLANG_ANALYZER_NUMBER_OBJECT_CONVERSION = YES_AGGRESSIVE;
				CLANG_CXX_LANGUAGE_STANDARD = "gnu++17";
				CLANG_CXX_LIBRARY = "libc++";
				CLANG_ENABLE_MODULES = YES;
				CLANG_ENABLE_OBJC_ARC = YES;
				CLANG_ENABLE_OBJC_WEAK = YES;
				CLANG_WARN_BLOCK_CAPTURE_AUTORELEASING = YES;
				CLANG_WARN_BOOL_CONVERSION = YES;
				CLANG_WARN_COMMA = YES;
				CLANG_WARN_CONSTANT_CONVERSION = YES;
				CLANG_WARN_DEPRECATED_OBJC_IMPLEMENTATIONS = YES;
				CLANG_WARN_DIRECT_OBJC_ISA_USAGE = YES_ERROR;
				CLANG_WARN_DOCUMENTATION_COMMENTS = YES;
				CLANG_WARN_EMPTY_BODY = YES;
				CLANG_WARN_ENUM_CONVERSION = YES;
				CLANG_WARN_INFINITE_RECURSION = YES;
				CLANG_WARN_INT_CONVERSION = YES;
				CLANG_WARN_NON_LITERAL_NULL_CONVERSION = YES;
				CLANG_WARN_OBJC_IMPLICIT_RETAIN_SELF = YES;
				CLANG_WARN_OBJC_LITERAL_CONVERSION = YES;
				CLANG_WARN_OBJC_ROOT_CLASS = YES_ERROR;
				CLANG_WARN_QUOTED_INCLUDE_IN_FRAMEWORK_HEADER = YES;
				CLANG_WARN_RANGE_LOOP_ANALYSIS = YES;
				CLANG_WARN_STRICT_PROTOTYPES = YES;
				CLANG_WARN_SUSPICIOUS_MOVE = YES;
				CLANG_WARN_UNGUARDED_AVAILABILITY = YES_AGGRESSIVE;
				CLANG_WARN_UNREACHABLE_CODE = YES;
				CLANG_WARN__DUPLICATE_METHOD_MATCH = YES;
				COPY_PHASE_STRIP = NO;
				DEBUG_INFORMATION_FORMAT = "dwarf-with-dsym";
				ENABLE_NS_ASSERTIONS = NO;
				ENABLE_STRICT_OBJC_MSGSEND = YES;
				GCC_C_LANGUAGE_STANDARD = gnu11;
				GCC_NO_COMMON_BLOCKS = YES;
				GCC_WARN_64_TO_32_BIT_CONVERSION = YES;
				GCC_WARN_ABOUT_RETURN_TYPE = YES_ERROR;
				GCC_WARN_UNDECLARED_SELECTOR = YES;
				GCC_WARN_UNINITIALIZED_AUTOS = YES_AGGRESSIVE;
				GCC_WARN_UNUSED_FUNCTION = YES;
				GCC_WARN_UNUSED_VARIABLE = YES;
				IPHONEOS_DEPLOYMENT_TARGET = 15.2;
				MTL_ENABLE_DEBUG_INFO = NO;
				MTL_FAST_MATH = YES;
				SDKROOT = iphoneos;
				SWIFT_COMPILATION_MODE = wholemodule;
				SWIFT_OPTIMIZATION_LEVEL = "-O";
				VALIDATE_PRODUCT = YES;
			};
			name = Release;
		};
		EB131CFC285CC769008B6CF3 /* Debug */ = {
			isa = XCBuildConfiguration;
			buildSettings = {
				ASSETCATALOG_COMPILER_APPICON_NAME = AppIcon;
				ASSETCATALOG_COMPILER_GLOBAL_ACCENT_COLOR_NAME = AccentColor;
				CODE_SIGN_STYLE = Automatic;
				CURRENT_PROJECT_VERSION = 1;
				DEVELOPMENT_ASSET_PATHS = "\"YouGames/Preview Content\"";
				ENABLE_PREVIEWS = YES;
				GENERATE_INFOPLIST_FILE = YES;
				INFOPLIST_FILE = YouGames/Info.plist;
				INFOPLIST_KEY_UIApplicationSceneManifest_Generation = YES;
				INFOPLIST_KEY_UIApplicationSupportsIndirectInputEvents = YES;
				INFOPLIST_KEY_UILaunchScreen_Generation = YES;
				INFOPLIST_KEY_UISupportedInterfaceOrientations_iPad = "UIInterfaceOrientationPortrait UIInterfaceOrientationPortraitUpsideDown UIInterfaceOrientationLandscapeLeft UIInterfaceOrientationLandscapeRight";
				INFOPLIST_KEY_UISupportedInterfaceOrientations_iPhone = "UIInterfaceOrientationPortrait UIInterfaceOrientationLandscapeLeft UIInterfaceOrientationLandscapeRight";
				LD_RUNPATH_SEARCH_PATHS = (
					"$(inherited)",
					"@executable_path/Frameworks",
				);
				MARKETING_VERSION = 1.0;
				PRODUCT_BUNDLE_IDENTIFIER = com.dicoding.academy.YouGames;
				PRODUCT_NAME = "$(TARGET_NAME)";
				SWIFT_EMIT_LOC_STRINGS = YES;
				SWIFT_VERSION = 5.0;
				TARGETED_DEVICE_FAMILY = "1,2";
			};
			name = Debug;
		};
		EB131CFD285CC769008B6CF3 /* Release */ = {
			isa = XCBuildConfiguration;
			buildSettings = {
				ASSETCATALOG_COMPILER_APPICON_NAME = AppIcon;
				ASSETCATALOG_COMPILER_GLOBAL_ACCENT_COLOR_NAME = AccentColor;
				CODE_SIGN_STYLE = Automatic;
				CURRENT_PROJECT_VERSION = 1;
				DEVELOPMENT_ASSET_PATHS = "\"YouGames/Preview Content\"";
				ENABLE_PREVIEWS = YES;
				GENERATE_INFOPLIST_FILE = YES;
				INFOPLIST_FILE = YouGames/Info.plist;
				INFOPLIST_KEY_UIApplicationSceneManifest_Generation = YES;
				INFOPLIST_KEY_UIApplicationSupportsIndirectInputEvents = YES;
				INFOPLIST_KEY_UILaunchScreen_Generation = YES;
				INFOPLIST_KEY_UISupportedInterfaceOrientations_iPad = "UIInterfaceOrientationPortrait UIInterfaceOrientationPortraitUpsideDown UIInterfaceOrientationLandscapeLeft UIInterfaceOrientationLandscapeRight";
				INFOPLIST_KEY_UISupportedInterfaceOrientations_iPhone = "UIInterfaceOrientationPortrait UIInterfaceOrientationLandscapeLeft UIInterfaceOrientationLandscapeRight";
				LD_RUNPATH_SEARCH_PATHS = (
					"$(inherited)",
					"@executable_path/Frameworks",
				);
				MARKETING_VERSION = 1.0;
				PRODUCT_BUNDLE_IDENTIFIER = com.dicoding.academy.YouGames;
				PRODUCT_NAME = "$(TARGET_NAME)";
				SWIFT_EMIT_LOC_STRINGS = YES;
				SWIFT_VERSION = 5.0;
				TARGETED_DEVICE_FAMILY = "1,2";
			};
			name = Release;
		};
/* End XCBuildConfiguration section */

/* Begin XCConfigurationList section */
		EB131CE8285CC766008B6CF3 /* Build configuration list for PBXProject "YouGames" */ = {
			isa = XCConfigurationList;
			buildConfigurations = (
				EB131CF9285CC769008B6CF3 /* Debug */,
				EB131CFA285CC769008B6CF3 /* Release */,
			);
			defaultConfigurationIsVisible = 0;
			defaultConfigurationName = Release;
		};
		EB131CFB285CC769008B6CF3 /* Build configuration list for PBXNativeTarget "YouGames" */ = {
			isa = XCConfigurationList;
			buildConfigurations = (
				EB131CFC285CC769008B6CF3 /* Debug */,
				EB131CFD285CC769008B6CF3 /* Release */,
			);
			defaultConfigurationIsVisible = 0;
			defaultConfigurationName = Release;
		};
/* End XCConfigurationList section */

/* Begin XCRemoteSwiftPackageReference section */
		EBF2AC4B28661D7E00649D72 /* XCRemoteSwiftPackageReference "toast-swift" */ = {
			isa = XCRemoteSwiftPackageReference;
			repositoryURL = "https://github.com/BastiaanJansen/toast-swift";
			requirement = {
				kind = upToNextMajorVersion;
				minimumVersion = 1.0.0;
			};
		};
/* End XCRemoteSwiftPackageReference section */

/* Begin XCSwiftPackageProductDependency section */
		EBF2AC4C28661D7E00649D72 /* Toast */ = {
			isa = XCSwiftPackageProductDependency;
			package = EBF2AC4B28661D7E00649D72 /* XCRemoteSwiftPackageReference "toast-swift" */;
			productName = Toast;
		};
/* End XCSwiftPackageProductDependency section */

/* Begin XCVersionGroup section */
		EBF2AC092865A3DD00649D72 /* YouGamesCoreData.xcdatamodeld */ = {
			isa = XCVersionGroup;
			children = (
				EBF2AC0A2865A3DD00649D72 /* yougames.xcdatamodel */,
			);
			currentVersion = EBF2AC0A2865A3DD00649D72 /* yougames.xcdatamodel */;
			path = YouGamesCoreData.xcdatamodeld;
			sourceTree = "<group>";
			versionGroupType = wrapper.xcdatamodel;
		};
/* End XCVersionGroup section */
	};
	rootObject = EB131CE5285CC766008B6CF3 /* Project object */;
}
