// !$*UTF8*$!
{
	archiveVersion = 1;
	classes = {
	};
	objectVersion = 55;
	objects = {

/* Begin PBXBuildFile section */
		EB131CF1285CC766008B6CF3 /* YouGamesApp.swift in Sources */ = {isa = PBXBuildFile; fileRef = EB131CF0285CC766008B6CF3 /* YouGamesApp.swift */; };
		EB131CF5285CC769008B6CF3 /* Assets.xcassets in Resources */ = {isa = PBXBuildFile; fileRef = EB131CF4285CC769008B6CF3 /* Assets.xcassets */; };
		EB131CF8285CC769008B6CF3 /* Preview Assets.xcassets in Resources */ = {isa = PBXBuildFile; fileRef = EB131CF7285CC769008B6CF3 /* Preview Assets.xcassets */; };
		EB131D00285CC7C2008B6CF3 /* EmptyView.swift in Sources */ = {isa = PBXBuildFile; fileRef = EB131CFF285CC7C2008B6CF3 /* EmptyView.swift */; };
		EB131D02285CC938008B6CF3 /* ErrorView.swift in Sources */ = {isa = PBXBuildFile; fileRef = EB131D01285CC938008B6CF3 /* ErrorView.swift */; };
		EB131D04285CCB37008B6CF3 /* LoadingView.swift in Sources */ = {isa = PBXBuildFile; fileRef = EB131D03285CCB37008B6CF3 /* LoadingView.swift */; };
		EB131D46285E06A8008B6CF3 /* AppColors.swift in Sources */ = {isa = PBXBuildFile; fileRef = EB131D45285E06A8008B6CF3 /* AppColors.swift */; };
		EB131D48285E0A39008B6CF3 /* AppIcons.swift in Sources */ = {isa = PBXBuildFile; fileRef = EB131D47285E0A39008B6CF3 /* AppIcons.swift */; };
		EB131D4A285E0BE2008B6CF3 /* AppSpacing.swift in Sources */ = {isa = PBXBuildFile; fileRef = EB131D49285E0BE2008B6CF3 /* AppSpacing.swift */; };
		EB131D50285E0C6D008B6CF3 /* HomeView.swift in Sources */ = {isa = PBXBuildFile; fileRef = EB131D4F285E0C6D008B6CF3 /* HomeView.swift */; };
		EB131D52285E0C8C008B6CF3 /* ChildHomeView.swift in Sources */ = {isa = PBXBuildFile; fileRef = EB131D51285E0C8C008B6CF3 /* ChildHomeView.swift */; };
		EB131D54285E0CB2008B6CF3 /* HomePresenter.swift in Sources */ = {isa = PBXBuildFile; fileRef = EB131D53285E0CB2008B6CF3 /* HomePresenter.swift */; };
		EB131D56285E0CBF008B6CF3 /* HomeInteractor.swift in Sources */ = {isa = PBXBuildFile; fileRef = EB131D55285E0CBF008B6CF3 /* HomeInteractor.swift */; };
		EB131D59285E0D80008B6CF3 /* AppRouters.swift in Sources */ = {isa = PBXBuildFile; fileRef = EB131D58285E0D80008B6CF3 /* AppRouters.swift */; };
		EB131D5B285E0DF6008B6CF3 /* DetailView.swift in Sources */ = {isa = PBXBuildFile; fileRef = EB131D5A285E0DF6008B6CF3 /* DetailView.swift */; };
		EB131D5D285E0E06008B6CF3 /* ChildDetailView.swift in Sources */ = {isa = PBXBuildFile; fileRef = EB131D5C285E0E06008B6CF3 /* ChildDetailView.swift */; };
		EB131D5F285E0E14008B6CF3 /* DetailPresenter.swift in Sources */ = {isa = PBXBuildFile; fileRef = EB131D5E285E0E14008B6CF3 /* DetailPresenter.swift */; };
		EB131D61285E0E26008B6CF3 /* DetailInteractor.swift in Sources */ = {isa = PBXBuildFile; fileRef = EB131D60285E0E26008B6CF3 /* DetailInteractor.swift */; };
		EB131D64285E0EB0008B6CF3 /* ProfileView.swift in Sources */ = {isa = PBXBuildFile; fileRef = EB131D63285E0EB0008B6CF3 /* ProfileView.swift */; };
		EBE45676285E19250067FB09 /* RoundedCorner.swift in Sources */ = {isa = PBXBuildFile; fileRef = EBE45675285E19250067FB09 /* RoundedCorner.swift */; };
		EBE4567A285E45F30067FB09 /* AppResponse.swift in Sources */ = {isa = PBXBuildFile; fileRef = EBE45679285E45F30067FB09 /* AppResponse.swift */; };
		EBE4567C285E46200067FB09 /* AppNetwork.swift in Sources */ = {isa = PBXBuildFile; fileRef = EBE4567B285E46200067FB09 /* AppNetwork.swift */; };
		EBE4567E285E46B80067FB09 /* AppConfigs.swift in Sources */ = {isa = PBXBuildFile; fileRef = EBE4567D285E46B80067FB09 /* AppConfigs.swift */; };
		EBE45680285E476A0067FB09 /* NetImageView.swift in Sources */ = {isa = PBXBuildFile; fileRef = EBE4567F285E476A0067FB09 /* NetImageView.swift */; };
/* End PBXBuildFile section */

/* Begin PBXFileReference section */
		EB131CED285CC766008B6CF3 /* YouGames.app */ = {isa = PBXFileReference; explicitFileType = wrapper.application; includeInIndex = 0; path = YouGames.app; sourceTree = BUILT_PRODUCTS_DIR; };
		EB131CF0285CC766008B6CF3 /* YouGamesApp.swift */ = {isa = PBXFileReference; lastKnownFileType = sourcecode.swift; path = YouGamesApp.swift; sourceTree = "<group>"; };
		EB131CF4285CC769008B6CF3 /* Assets.xcassets */ = {isa = PBXFileReference; lastKnownFileType = folder.assetcatalog; path = Assets.xcassets; sourceTree = "<group>"; };
		EB131CF7285CC769008B6CF3 /* Preview Assets.xcassets */ = {isa = PBXFileReference; lastKnownFileType = folder.assetcatalog; path = "Preview Assets.xcassets"; sourceTree = "<group>"; };
		EB131CFF285CC7C2008B6CF3 /* EmptyView.swift */ = {isa = PBXFileReference; lastKnownFileType = sourcecode.swift; path = EmptyView.swift; sourceTree = "<group>"; };
		EB131D01285CC938008B6CF3 /* ErrorView.swift */ = {isa = PBXFileReference; lastKnownFileType = sourcecode.swift; path = ErrorView.swift; sourceTree = "<group>"; };
		EB131D03285CCB37008B6CF3 /* LoadingView.swift */ = {isa = PBXFileReference; lastKnownFileType = sourcecode.swift; path = LoadingView.swift; sourceTree = "<group>"; };
		EB131D45285E06A8008B6CF3 /* AppColors.swift */ = {isa = PBXFileReference; lastKnownFileType = sourcecode.swift; path = AppColors.swift; sourceTree = "<group>"; };
		EB131D47285E0A39008B6CF3 /* AppIcons.swift */ = {isa = PBXFileReference; lastKnownFileType = sourcecode.swift; path = AppIcons.swift; sourceTree = "<group>"; };
		EB131D49285E0BE2008B6CF3 /* AppSpacing.swift */ = {isa = PBXFileReference; lastKnownFileType = sourcecode.swift; path = AppSpacing.swift; sourceTree = "<group>"; };
		EB131D4F285E0C6D008B6CF3 /* HomeView.swift */ = {isa = PBXFileReference; lastKnownFileType = sourcecode.swift; path = HomeView.swift; sourceTree = "<group>"; };
		EB131D51285E0C8C008B6CF3 /* ChildHomeView.swift */ = {isa = PBXFileReference; lastKnownFileType = sourcecode.swift; path = ChildHomeView.swift; sourceTree = "<group>"; };
		EB131D53285E0CB2008B6CF3 /* HomePresenter.swift */ = {isa = PBXFileReference; lastKnownFileType = sourcecode.swift; path = HomePresenter.swift; sourceTree = "<group>"; };
		EB131D55285E0CBF008B6CF3 /* HomeInteractor.swift */ = {isa = PBXFileReference; lastKnownFileType = sourcecode.swift; path = HomeInteractor.swift; sourceTree = "<group>"; };
		EB131D58285E0D80008B6CF3 /* AppRouters.swift */ = {isa = PBXFileReference; lastKnownFileType = sourcecode.swift; path = AppRouters.swift; sourceTree = "<group>"; };
		EB131D5A285E0DF6008B6CF3 /* DetailView.swift */ = {isa = PBXFileReference; lastKnownFileType = sourcecode.swift; path = DetailView.swift; sourceTree = "<group>"; };
		EB131D5C285E0E06008B6CF3 /* ChildDetailView.swift */ = {isa = PBXFileReference; lastKnownFileType = sourcecode.swift; path = ChildDetailView.swift; sourceTree = "<group>"; };
		EB131D5E285E0E14008B6CF3 /* DetailPresenter.swift */ = {isa = PBXFileReference; lastKnownFileType = sourcecode.swift; path = DetailPresenter.swift; sourceTree = "<group>"; };
		EB131D60285E0E26008B6CF3 /* DetailInteractor.swift */ = {isa = PBXFileReference; lastKnownFileType = sourcecode.swift; path = DetailInteractor.swift; sourceTree = "<group>"; };
		EB131D63285E0EB0008B6CF3 /* ProfileView.swift */ = {isa = PBXFileReference; lastKnownFileType = sourcecode.swift; path = ProfileView.swift; sourceTree = "<group>"; };
		EBE45675285E19250067FB09 /* RoundedCorner.swift */ = {isa = PBXFileReference; lastKnownFileType = sourcecode.swift; path = RoundedCorner.swift; sourceTree = "<group>"; };
		EBE45679285E45F30067FB09 /* AppResponse.swift */ = {isa = PBXFileReference; lastKnownFileType = sourcecode.swift; path = AppResponse.swift; sourceTree = "<group>"; };
		EBE4567B285E46200067FB09 /* AppNetwork.swift */ = {isa = PBXFileReference; lastKnownFileType = sourcecode.swift; path = AppNetwork.swift; sourceTree = "<group>"; };
		EBE4567D285E46B80067FB09 /* AppConfigs.swift */ = {isa = PBXFileReference; lastKnownFileType = sourcecode.swift; path = AppConfigs.swift; sourceTree = "<group>"; };
		EBE4567F285E476A0067FB09 /* NetImageView.swift */ = {isa = PBXFileReference; lastKnownFileType = sourcecode.swift; path = NetImageView.swift; sourceTree = "<group>"; };
/* End PBXFileReference section */

/* Begin PBXFrameworksBuildPhase section */
		EB131CEA285CC766008B6CF3 /* Frameworks */ = {
			isa = PBXFrameworksBuildPhase;
			buildActionMask = 2147483647;
			files = (
			);
			runOnlyForDeploymentPostprocessing = 0;
		};
/* End PBXFrameworksBuildPhase section */

/* Begin PBXGroup section */
		EB131CE4285CC766008B6CF3 = {
			isa = PBXGroup;
			children = (
				EB131CEF285CC766008B6CF3 /* YouGames */,
				EB131CEE285CC766008B6CF3 /* Products */,
			);
			sourceTree = "<group>";
		};
		EB131CEE285CC766008B6CF3 /* Products */ = {
			isa = PBXGroup;
			children = (
				EB131CED285CC766008B6CF3 /* YouGames.app */,
			);
			name = Products;
			sourceTree = "<group>";
		};
		EB131CEF285CC766008B6CF3 /* YouGames */ = {
			isa = PBXGroup;
			children = (
				EBE45678285E45DD0067FB09 /* Network */,
				EB131D62285E0E42008B6CF3 /* Entity */,
				EB131D57285E0D71008B6CF3 /* Router */,
				EB131D4B285E0C02008B6CF3 /* Modules */,
				EB131D44285E0690008B6CF3 /* Themes */,
				EB131CFE285CC79D008B6CF3 /* Widgets */,
				EB131CF0285CC766008B6CF3 /* YouGamesApp.swift */,
				EB131CF4285CC769008B6CF3 /* Assets.xcassets */,
				EB131CF6285CC769008B6CF3 /* Preview Content */,
			);
			path = YouGames;
			sourceTree = "<group>";
		};
		EB131CF6285CC769008B6CF3 /* Preview Content */ = {
			isa = PBXGroup;
			children = (
				EB131CF7285CC769008B6CF3 /* Preview Assets.xcassets */,
			);
			path = "Preview Content";
			sourceTree = "<group>";
		};
		EB131CFE285CC79D008B6CF3 /* Widgets */ = {
			isa = PBXGroup;
			children = (
				EB131CFF285CC7C2008B6CF3 /* EmptyView.swift */,
				EB131D01285CC938008B6CF3 /* ErrorView.swift */,
				EB131D03285CCB37008B6CF3 /* LoadingView.swift */,
				EBE4567F285E476A0067FB09 /* NetImageView.swift */,
			);
			path = Widgets;
			sourceTree = "<group>";
		};
		EB131D44285E0690008B6CF3 /* Themes */ = {
			isa = PBXGroup;
			children = (
				EB131D45285E06A8008B6CF3 /* AppColors.swift */,
				EB131D47285E0A39008B6CF3 /* AppIcons.swift */,
				EB131D49285E0BE2008B6CF3 /* AppSpacing.swift */,
				EBE45675285E19250067FB09 /* RoundedCorner.swift */,
			);
			path = Themes;
			sourceTree = "<group>";
		};
		EB131D4B285E0C02008B6CF3 /* Modules */ = {
			isa = PBXGroup;
			children = (
				EB131D4E285E0C2B008B6CF3 /* Profile */,
				EB131D4D285E0C25008B6CF3 /* Detail */,
				EB131D4C285E0C1E008B6CF3 /* Home */,
			);
			path = Modules;
			sourceTree = "<group>";
		};
		EB131D4C285E0C1E008B6CF3 /* Home */ = {
			isa = PBXGroup;
			children = (
				EB131D4F285E0C6D008B6CF3 /* HomeView.swift */,
				EB131D51285E0C8C008B6CF3 /* ChildHomeView.swift */,
				EB131D53285E0CB2008B6CF3 /* HomePresenter.swift */,
				EB131D55285E0CBF008B6CF3 /* HomeInteractor.swift */,
			);
			path = Home;
			sourceTree = "<group>";
		};
		EB131D4D285E0C25008B6CF3 /* Detail */ = {
			isa = PBXGroup;
			children = (
				EB131D5A285E0DF6008B6CF3 /* DetailView.swift */,
				EB131D5C285E0E06008B6CF3 /* ChildDetailView.swift */,
				EB131D5E285E0E14008B6CF3 /* DetailPresenter.swift */,
				EB131D60285E0E26008B6CF3 /* DetailInteractor.swift */,
			);
			path = Detail;
			sourceTree = "<group>";
		};
		EB131D4E285E0C2B008B6CF3 /* Profile */ = {
			isa = PBXGroup;
			children = (
				EB131D63285E0EB0008B6CF3 /* ProfileView.swift */,
			);
			path = Profile;
			sourceTree = "<group>";
		};
		EB131D57285E0D71008B6CF3 /* Router */ = {
			isa = PBXGroup;
			children = (
				EB131D58285E0D80008B6CF3 /* AppRouters.swift */,
			);
			path = Router;
			sourceTree = "<group>";
		};
		EB131D62285E0E42008B6CF3 /* Entity */ = {
			isa = PBXGroup;
			children = (
			);
			path = Entity;
			sourceTree = "<group>";
		};
		EBE45678285E45DD0067FB09 /* Network */ = {
			isa = PBXGroup;
			children = (
				EBE45679285E45F30067FB09 /* AppResponse.swift */,
				EBE4567B285E46200067FB09 /* AppNetwork.swift */,
				EBE4567D285E46B80067FB09 /* AppConfigs.swift */,
			);
			path = Network;
			sourceTree = "<group>";
		};
/* End PBXGroup section */

/* Begin PBXNativeTarget section */
		EB131CEC285CC766008B6CF3 /* YouGames */ = {
			isa = PBXNativeTarget;
			buildConfigurationList = EB131CFB285CC769008B6CF3 /* Build configuration list for PBXNativeTarget "YouGames" */;
			buildPhases = (
				EB131CE9285CC766008B6CF3 /* Sources */,
				EB131CEA285CC766008B6CF3 /* Frameworks */,
				EB131CEB285CC766008B6CF3 /* Resources */,
				EB131D05285CCE19008B6CF3 /* SwiftLint */,
			);
			buildRules = (
			);
			dependencies = (
			);
			name = YouGames;
			productName = YouGames;
			productReference = EB131CED285CC766008B6CF3 /* YouGames.app */;
			productType = "com.apple.product-type.application";
		};
/* End PBXNativeTarget section */

/* Begin PBXProject section */
		EB131CE5285CC766008B6CF3 /* Project object */ = {
			isa = PBXProject;
			attributes = {
				BuildIndependentTargetsInParallel = 1;
				LastSwiftUpdateCheck = 1320;
				LastUpgradeCheck = 1320;
				TargetAttributes = {
					EB131CEC285CC766008B6CF3 = {
						CreatedOnToolsVersion = 13.2.1;
					};
				};
			};
			buildConfigurationList = EB131CE8285CC766008B6CF3 /* Build configuration list for PBXProject "YouGames" */;
			compatibilityVersion = "Xcode 13.0";
			developmentRegion = en;
			hasScannedForEncodings = 0;
			knownRegions = (
				en,
				Base,
			);
			mainGroup = EB131CE4285CC766008B6CF3;
			productRefGroup = EB131CEE285CC766008B6CF3 /* Products */;
			projectDirPath = "";
			projectRoot = "";
			targets = (
				EB131CEC285CC766008B6CF3 /* YouGames */,
			);
		};
/* End PBXProject section */

/* Begin PBXResourcesBuildPhase section */
		EB131CEB285CC766008B6CF3 /* Resources */ = {
			isa = PBXResourcesBuildPhase;
			buildActionMask = 2147483647;
			files = (
				EB131CF8285CC769008B6CF3 /* Preview Assets.xcassets in Resources */,
				EB131CF5285CC769008B6CF3 /* Assets.xcassets in Resources */,
			);
			runOnlyForDeploymentPostprocessing = 0;
		};
/* End PBXResourcesBuildPhase section */

/* Begin PBXShellScriptBuildPhase section */
		EB131D05285CCE19008B6CF3 /* SwiftLint */ = {
			isa = PBXShellScriptBuildPhase;
			buildActionMask = 2147483647;
			files = (
			);
			inputFileListPaths = (
			);
			inputPaths = (
			);
			name = SwiftLint;
			outputFileListPaths = (
			);
			outputPaths = (
			);
			runOnlyForDeploymentPostprocessing = 0;
			shellPath = /bin/sh;
			shellScript = "export PATH=\"$PATH:/opt/homebrew/bin\"\nif which swiftlint > /dev/null; then\n  swiftlint\nelse\n  echo \"warning: SwiftLint not installed, download from https://github.com/realm/SwiftLint\"\nfi\n";
		};
/* End PBXShellScriptBuildPhase section */

/* Begin PBXSourcesBuildPhase section */
		EB131CE9285CC766008B6CF3 /* Sources */ = {
			isa = PBXSourcesBuildPhase;
			buildActionMask = 2147483647;
			files = (
				EB131D5D285E0E06008B6CF3 /* ChildDetailView.swift in Sources */,
				EB131D50285E0C6D008B6CF3 /* HomeView.swift in Sources */,
				EBE4567C285E46200067FB09 /* AppNetwork.swift in Sources */,
				EB131D52285E0C8C008B6CF3 /* ChildHomeView.swift in Sources */,
				EB131D5B285E0DF6008B6CF3 /* DetailView.swift in Sources */,
				EB131D56285E0CBF008B6CF3 /* HomeInteractor.swift in Sources */,
				EB131D4A285E0BE2008B6CF3 /* AppSpacing.swift in Sources */,
				EB131D00285CC7C2008B6CF3 /* EmptyView.swift in Sources */,
				EB131CF1285CC766008B6CF3 /* YouGamesApp.swift in Sources */,
				EB131D48285E0A39008B6CF3 /* AppIcons.swift in Sources */,
				EBE4567A285E45F30067FB09 /* AppResponse.swift in Sources */,
				EBE4567E285E46B80067FB09 /* AppConfigs.swift in Sources */,
				EB131D64285E0EB0008B6CF3 /* ProfileView.swift in Sources */,
				EB131D46285E06A8008B6CF3 /* AppColors.swift in Sources */,
				EB131D5F285E0E14008B6CF3 /* DetailPresenter.swift in Sources */,
				EB131D04285CCB37008B6CF3 /* LoadingView.swift in Sources */,
				EB131D61285E0E26008B6CF3 /* DetailInteractor.swift in Sources */,
				EB131D02285CC938008B6CF3 /* ErrorView.swift in Sources */,
				EB131D54285E0CB2008B6CF3 /* HomePresenter.swift in Sources */,
				EBE45680285E476A0067FB09 /* NetImageView.swift in Sources */,
				EBE45676285E19250067FB09 /* RoundedCorner.swift in Sources */,
				EB131D59285E0D80008B6CF3 /* AppRouters.swift in Sources */,
			);
			runOnlyForDeploymentPostprocessing = 0;
		};
/* End PBXSourcesBuildPhase section */

/* Begin XCBuildConfiguration section */
		EB131CF9285CC769008B6CF3 /* Debug */ = {
			isa = XCBuildConfiguration;
			buildSettings = {
				ALWAYS_SEARCH_USER_PATHS = NO;
				CLANG_ANALYZER_NONNULL = YES;
				CLANG_ANALYZER_NUMBER_OBJECT_CONVERSION = YES_AGGRESSIVE;
				CLANG_CXX_LANGUAGE_STANDARD = "gnu++17";
				CLANG_CXX_LIBRARY = "libc++";
				CLANG_ENABLE_MODULES = YES;
				CLANG_ENABLE_OBJC_ARC = YES;
				CLANG_ENABLE_OBJC_WEAK = YES;
				CLANG_WARN_BLOCK_CAPTURE_AUTORELEASING = YES;
				CLANG_WARN_BOOL_CONVERSION = YES;
				CLANG_WARN_COMMA = YES;
				CLANG_WARN_CONSTANT_CONVERSION = YES;
				CLANG_WARN_DEPRECATED_OBJC_IMPLEMENTATIONS = YES;
				CLANG_WARN_DIRECT_OBJC_ISA_USAGE = YES_ERROR;
				CLANG_WARN_DOCUMENTATION_COMMENTS = YES;
				CLANG_WARN_EMPTY_BODY = YES;
				CLANG_WARN_ENUM_CONVERSION = YES;
				CLANG_WARN_INFINITE_RECURSION = YES;
				CLANG_WARN_INT_CONVERSION = YES;
				CLANG_WARN_NON_LITERAL_NULL_CONVERSION = YES;
				CLANG_WARN_OBJC_IMPLICIT_RETAIN_SELF = YES;
				CLANG_WARN_OBJC_LITERAL_CONVERSION = YES;
				CLANG_WARN_OBJC_ROOT_CLASS = YES_ERROR;
				CLANG_WARN_QUOTED_INCLUDE_IN_FRAMEWORK_HEADER = YES;
				CLANG_WARN_RANGE_LOOP_ANALYSIS = YES;
				CLANG_WARN_STRICT_PROTOTYPES = YES;
				CLANG_WARN_SUSPICIOUS_MOVE = YES;
				CLANG_WARN_UNGUARDED_AVAILABILITY = YES_AGGRESSIVE;
				CLANG_WARN_UNREACHABLE_CODE = YES;
				CLANG_WARN__DUPLICATE_METHOD_MATCH = YES;
				COPY_PHASE_STRIP = NO;
				DEBUG_INFORMATION_FORMAT = dwarf;
				ENABLE_STRICT_OBJC_MSGSEND = YES;
				ENABLE_TESTABILITY = YES;
				GCC_C_LANGUAGE_STANDARD = gnu11;
				GCC_DYNAMIC_NO_PIC = NO;
				GCC_NO_COMMON_BLOCKS = YES;
				GCC_OPTIMIZATION_LEVEL = 0;
				GCC_PREPROCESSOR_DEFINITIONS = (
					"DEBUG=1",
					"$(inherited)",
				);
				GCC_WARN_64_TO_32_BIT_CONVERSION = YES;
				GCC_WARN_ABOUT_RETURN_TYPE = YES_ERROR;
				GCC_WARN_UNDECLARED_SELECTOR = YES;
				GCC_WARN_UNINITIALIZED_AUTOS = YES_AGGRESSIVE;
				GCC_WARN_UNUSED_FUNCTION = YES;
				GCC_WARN_UNUSED_VARIABLE = YES;
				IPHONEOS_DEPLOYMENT_TARGET = 15.2;
				MTL_ENABLE_DEBUG_INFO = INCLUDE_SOURCE;
				MTL_FAST_MATH = YES;
				ONLY_ACTIVE_ARCH = YES;
				SDKROOT = iphoneos;
				SWIFT_ACTIVE_COMPILATION_CONDITIONS = DEBUG;
				SWIFT_OPTIMIZATION_LEVEL = "-Onone";
			};
			name = Debug;
		};
		EB131CFA285CC769008B6CF3 /* Release */ = {
			isa = XCBuildConfiguration;
			buildSettings = {
				ALWAYS_SEARCH_USER_PATHS = NO;
				CLANG_ANALYZER_NONNULL = YES;
				CLANG_ANALYZER_NUMBER_OBJECT_CONVERSION = YES_AGGRESSIVE;
				CLANG_CXX_LANGUAGE_STANDARD = "gnu++17";
				CLANG_CXX_LIBRARY = "libc++";
				CLANG_ENABLE_MODULES = YES;
				CLANG_ENABLE_OBJC_ARC = YES;
				CLANG_ENABLE_OBJC_WEAK = YES;
				CLANG_WARN_BLOCK_CAPTURE_AUTORELEASING = YES;
				CLANG_WARN_BOOL_CONVERSION = YES;
				CLANG_WARN_COMMA = YES;
				CLANG_WARN_CONSTANT_CONVERSION = YES;
				CLANG_WARN_DEPRECATED_OBJC_IMPLEMENTATIONS = YES;
				CLANG_WARN_DIRECT_OBJC_ISA_USAGE = YES_ERROR;
				CLANG_WARN_DOCUMENTATION_COMMENTS = YES;
				CLANG_WARN_EMPTY_BODY = YES;
				CLANG_WARN_ENUM_CONVERSION = YES;
				CLANG_WARN_INFINITE_RECURSION = YES;
				CLANG_WARN_INT_CONVERSION = YES;
				CLANG_WARN_NON_LITERAL_NULL_CONVERSION = YES;
				CLANG_WARN_OBJC_IMPLICIT_RETAIN_SELF = YES;
				CLANG_WARN_OBJC_LITERAL_CONVERSION = YES;
				CLANG_WARN_OBJC_ROOT_CLASS = YES_ERROR;
				CLANG_WARN_QUOTED_INCLUDE_IN_FRAMEWORK_HEADER = YES;
				CLANG_WARN_RANGE_LOOP_ANALYSIS = YES;
				CLANG_WARN_STRICT_PROTOTYPES = YES;
				CLANG_WARN_SUSPICIOUS_MOVE = YES;
				CLANG_WARN_UNGUARDED_AVAILABILITY = YES_AGGRESSIVE;
				CLANG_WARN_UNREACHABLE_CODE = YES;
				CLANG_WARN__DUPLICATE_METHOD_MATCH = YES;
				COPY_PHASE_STRIP = NO;
				DEBUG_INFORMATION_FORMAT = "dwarf-with-dsym";
				ENABLE_NS_ASSERTIONS = NO;
				ENABLE_STRICT_OBJC_MSGSEND = YES;
				GCC_C_LANGUAGE_STANDARD = gnu11;
				GCC_NO_COMMON_BLOCKS = YES;
				GCC_WARN_64_TO_32_BIT_CONVERSION = YES;
				GCC_WARN_ABOUT_RETURN_TYPE = YES_ERROR;
				GCC_WARN_UNDECLARED_SELECTOR = YES;
				GCC_WARN_UNINITIALIZED_AUTOS = YES_AGGRESSIVE;
				GCC_WARN_UNUSED_FUNCTION = YES;
				GCC_WARN_UNUSED_VARIABLE = YES;
				IPHONEOS_DEPLOYMENT_TARGET = 15.2;
				MTL_ENABLE_DEBUG_INFO = NO;
				MTL_FAST_MATH = YES;
				SDKROOT = iphoneos;
				SWIFT_COMPILATION_MODE = wholemodule;
				SWIFT_OPTIMIZATION_LEVEL = "-O";
				VALIDATE_PRODUCT = YES;
			};
			name = Release;
		};
		EB131CFC285CC769008B6CF3 /* Debug */ = {
			isa = XCBuildConfiguration;
			buildSettings = {
				ASSETCATALOG_COMPILER_APPICON_NAME = AppIcon;
				ASSETCATALOG_COMPILER_GLOBAL_ACCENT_COLOR_NAME = AccentColor;
				CODE_SIGN_STYLE = Automatic;
				CURRENT_PROJECT_VERSION = 1;
				DEVELOPMENT_ASSET_PATHS = "\"YouGames/Preview Content\"";
				ENABLE_PREVIEWS = YES;
				GENERATE_INFOPLIST_FILE = YES;
				INFOPLIST_FILE = YouGames/Info.plist;
				INFOPLIST_KEY_UIApplicationSceneManifest_Generation = YES;
				INFOPLIST_KEY_UIApplicationSupportsIndirectInputEvents = YES;
				INFOPLIST_KEY_UILaunchScreen_Generation = YES;
				INFOPLIST_KEY_UISupportedInterfaceOrientations_iPad = "UIInterfaceOrientationPortrait UIInterfaceOrientationPortraitUpsideDown UIInterfaceOrientationLandscapeLeft UIInterfaceOrientationLandscapeRight";
				INFOPLIST_KEY_UISupportedInterfaceOrientations_iPhone = "UIInterfaceOrientationPortrait UIInterfaceOrientationLandscapeLeft UIInterfaceOrientationLandscapeRight";
				LD_RUNPATH_SEARCH_PATHS = (
					"$(inherited)",
					"@executable_path/Frameworks",
				);
				MARKETING_VERSION = 1.0;
				PRODUCT_BUNDLE_IDENTIFIER = com.dicoding.academy.YouGames;
				PRODUCT_NAME = "$(TARGET_NAME)";
				SWIFT_EMIT_LOC_STRINGS = YES;
				SWIFT_VERSION = 5.0;
				TARGETED_DEVICE_FAMILY = "1,2";
			};
			name = Debug;
		};
		EB131CFD285CC769008B6CF3 /* Release */ = {
			isa = XCBuildConfiguration;
			buildSettings = {
				ASSETCATALOG_COMPILER_APPICON_NAME = AppIcon;
				ASSETCATALOG_COMPILER_GLOBAL_ACCENT_COLOR_NAME = AccentColor;
				CODE_SIGN_STYLE = Automatic;
				CURRENT_PROJECT_VERSION = 1;
				DEVELOPMENT_ASSET_PATHS = "\"YouGames/Preview Content\"";
				ENABLE_PREVIEWS = YES;
				GENERATE_INFOPLIST_FILE = YES;
				INFOPLIST_FILE = YouGames/Info.plist;
				INFOPLIST_KEY_UIApplicationSceneManifest_Generation = YES;
				INFOPLIST_KEY_UIApplicationSupportsIndirectInputEvents = YES;
				INFOPLIST_KEY_UILaunchScreen_Generation = YES;
				INFOPLIST_KEY_UISupportedInterfaceOrientations_iPad = "UIInterfaceOrientationPortrait UIInterfaceOrientationPortraitUpsideDown UIInterfaceOrientationLandscapeLeft UIInterfaceOrientationLandscapeRight";
				INFOPLIST_KEY_UISupportedInterfaceOrientations_iPhone = "UIInterfaceOrientationPortrait UIInterfaceOrientationLandscapeLeft UIInterfaceOrientationLandscapeRight";
				LD_RUNPATH_SEARCH_PATHS = (
					"$(inherited)",
					"@executable_path/Frameworks",
				);
				MARKETING_VERSION = 1.0;
				PRODUCT_BUNDLE_IDENTIFIER = com.dicoding.academy.YouGames;
				PRODUCT_NAME = "$(TARGET_NAME)";
				SWIFT_EMIT_LOC_STRINGS = YES;
				SWIFT_VERSION = 5.0;
				TARGETED_DEVICE_FAMILY = "1,2";
			};
			name = Release;
		};
/* End XCBuildConfiguration section */

/* Begin XCConfigurationList section */
		EB131CE8285CC766008B6CF3 /* Build configuration list for PBXProject "YouGames" */ = {
			isa = XCConfigurationList;
			buildConfigurations = (
				EB131CF9285CC769008B6CF3 /* Debug */,
				EB131CFA285CC769008B6CF3 /* Release */,
			);
			defaultConfigurationIsVisible = 0;
			defaultConfigurationName = Release;
		};
		EB131CFB285CC769008B6CF3 /* Build configuration list for PBXNativeTarget "YouGames" */ = {
			isa = XCConfigurationList;
			buildConfigurations = (
				EB131CFC285CC769008B6CF3 /* Debug */,
				EB131CFD285CC769008B6CF3 /* Release */,
			);
			defaultConfigurationIsVisible = 0;
			defaultConfigurationName = Release;
		};
/* End XCConfigurationList section */
	};
	rootObject = EB131CE5285CC766008B6CF3 /* Project object */;
}
